Microsoft Visual Studio Solution File, Format Version 11.00
# Visual Studio 2008

Project("{30B07F94-017C-0240-2791-C588A07E6F04}") = "GameProjectDIGDIG02", "Assembly-CSharp.csproj", "{BADFE040-A997-F7BE-96AE-1371C79E26D1}"
EndProject
Project("{30B07F94-017C-0240-2791-C588A07E6F04}") = "GameProjectDIGDIG02", "Assembly-CSharp-Editor.csproj", "{EA60ED3C-8FA9-7C9A-CB82-536BCF14FBAC}"
EndProject
Global
	GlobalSection(SolutionConfigurationPlatforms) = preSolution
		Debug|Any CPU = Debug|Any CPU
		Release|Any CPU = Release|Any CPU
	EndGlobalSection
	GlobalSection(ProjectConfigurationPlatforms) = postSolution
		{BADFE040-A997-F7BE-96AE-1371C79E26D1}.Debug|Any CPU.ActiveCfg = Debug|Any CPU
		{BADFE040-A997-F7BE-96AE-1371C79E26D1}.Debug|Any CPU.Build.0 = Debug|Any CPU
		{BADFE040-A997-F7BE-96AE-1371C79E26D1}.Release|Any CPU.ActiveCfg = Release|Any CPU
		{BADFE040-A997-F7BE-96AE-1371C79E26D1}.Release|Any CPU.Build.0 = Release|Any CPU
		{EA60ED3C-8FA9-7C9A-CB82-536BCF14FBAC}.Debug|Any CPU.ActiveCfg = Debug|Any CPU
		{EA60ED3C-8FA9-7C9A-CB82-536BCF14FBAC}.Debug|Any CPU.Build.0 = Debug|Any CPU
		{EA60ED3C-8FA9-7C9A-CB82-536BCF14FBAC}.Release|Any CPU.ActiveCfg = Release|Any CPU
		{EA60ED3C-8FA9-7C9A-CB82-536BCF14FBAC}.Release|Any CPU.Build.0 = Release|Any CPU
	EndGlobalSection
	GlobalSection(SolutionProperties) = preSolution
		HideSolutionNode = FALSE
	EndGlobalSection
									GlobalSection(MonoDevelopProperties) = preSolution
		StartupItem = Assembly-CSharp.csproj
		Policies = $0
		$0.TextStylePolicy = $1
		$1.inheritsSet = null
		$1.scope = text/x-csharp
		$0.CSharpFormattingPolicy = $2
		$2.inheritsSet = Mono
		$2.inheritsScope = text/x-csharp
		$2.scope = text/x-csharp
		$0.TextStylePolicy = $3
		$3.FileWidth = 120
		$3.TabWidth = 4
		$3.IndentWidth = 4
		$3.EolMarker = Unix
		$3.inheritsSet = Mono
		$3.inheritsScope = text/plain
		$3.scope = text/plain
	EndGlobalSection

EndGlobal
